
Microsoft Visual Studio Solution File, Format Version 12.00
# Visual Studio Version 16
VisualStudioVersion = 16.0.31205.134
MinimumVisualStudioVersion = 10.0.40219.1
Project("{FAE04EC0-301F-11D3-BF4B-00C04F79EFBC}") = "Cookie Critique", "Cookie Critique.csproj", "{355C4A45-2F9C-4120-81BE-EA9596AE95E7}"
EndProject
Global
	GlobalSection(SolutionConfigurationPlatforms) = preSolution
		Debug|Any CPU = Debug|Any CPU
		Release|Any CPU = Release|Any CPU
	EndGlobalSection
	GlobalSection(ProjectConfigurationPlatforms) = postSolution
		{355C4A45-2F9C-4120-81BE-EA9596AE95E7}.Debug|Any CPU.ActiveCfg = Debug|Any CPU
		{355C4A45-2F9C-4120-81BE-EA9596AE95E7}.Debug|Any CPU.Build.0 = Debug|Any CPU
		{355C4A45-2F9C-4120-81BE-EA9596AE95E7}.Release|Any CPU.ActiveCfg = Release|Any CPU
		{355C4A45-2F9C-4120-81BE-EA9596AE95E7}.Release|Any CPU.Build.0 = Release|Any CPU
	EndGlobalSection
	GlobalSection(SolutionProperties) = preSolution
		HideSolutionNode = FALSE
	EndGlobalSection
	GlobalSection(ExtensibilityGlobals) = postSolution
		SolutionGuid = {3B1FE173-507E-4578-A16D-6CA1C4FC2776}
	EndGlobalSection
EndGlobal
